###############################################################################
## Button - Media Launcher Lock
###############################################################################
type: custom:button-card
template: menu_button
entity: input_boolean.media_launcher_lock
name: 'Media Launcher Lock'
tap_action:
  action: toggle
double_tap_action:
  action: fire-dom-event
  browser_mod:
    command: popup
    deviceID: this
    title: 'Media Settings'
    hide_header: true
    card: !include /config/lovelace/card/media/media_settings.yaml
