###############################################################################
## Garage Lock Button
###############################################################################
type: custom:button-card
template: menu_button
entity: lock.garage_door_lock
# styles: #DISABLED - lock entities n/a
#   icon:
#     - color: >
#         [[[
#           if (states['binary_sensor.garage_door_lock_intrusion'].state == 'on'
#               || states['binary_sensor.garage_door_lock_lock_jammed'].state == 'on')
#             return 'var(--entity-critical-color)';
#           else if (states['binary_sensor.garage_door_lock_keypad_temporary_disabled'].state == 'on'
#               || states['binary_sensor.garage_door_lock_system_hardware_failure'].state == 'on')
#             return 'var(--entity-severe-color)';
#           else if (states['lock.garage_door_lock'].state == 'unlocked')
#             return 'var(--state-lock-unlocked-color)';
#           else
#             return 'var(--state-lock-locked-color)';
#         ]]]
#   card:
#     - background-color: >
#         [[[
#           if (states['lock.garage_door_lock'].state == 'unknown'
#               || states['lock.garage_door_lock'].state == 'unavailable')
#             return 'var(--entity-button-critical-color)';
#           else
#             return 'var(--ha-card-background)';
#         ]]]
tap_action:
  action: fire-dom-event
  browser_mod:
    service: browser_mod.popup
    data:
      content: !include /config/ui/card/lock/garage_door_lock.yaml
      timeout: 120000
      card_mod:
        style:
          ha-dialog$: >
            {% from 'style.jinja' import popup_style %}
            {{ popup_style() }}
double_tap_action:
  action: perform-action
  perform_action: lock.lock
  target:
    entity_id: lock.garage_door_lock
hold_action:
  action: perform-action
  perform_action: lock.unlock
  target:
    entity_id: lock.garage_door_lock
