###################################################################################################
## Lock Button
###################################################################################################
type: custom:button-card
template: menu_button
entity: group.entry_locks
icon: >
  [[[
    if (states['group.entry_locks'].state == 'unlocked')
      return 'mdi:lock-open';
    else
      return 'mdi:lock';
  ]]]
styles:
  icon:
    - color: >
        [[[
          if (states['binary_sensor.door_lock_intrusion'].state == 'on'
              || states['binary_sensor.door_lock_jammed'].state == 'on')
            return 'var(--entity-critical-color)';
          else if (states['binary_sensor.door_lock_keypad_disabled'].state == 'on'
              || states['binary_sensor.door_lock_failed'].state == 'on')
            return 'var(--entity-severe-color)';
          else if (states['group.entry_locks'].state == 'unlocked')
            return 'var(--state-lock-unlocked-color)';
          else
            return 'var(--state-lock-locked-color)';
        ]]]
  card:
    - background-color: >
        [[[
          if (states['binary_sensor.unavailable_locks'].state == 'on')
            return 'var(--entity-button-critical-color)';
          else if (states['alert.door_lock_failed'].state == 'off'
              || states['alert.door_lock_intrusion'].state == 'off'
              || states['alert.door_lock_jammed'].state == 'off'
              || states['alert.door_lock_keypad_disabled'].state == 'off')
            return 'var(--entity-button-alert-off-color)';
          else
            return 'var(--ha-card-background)';
        ]]]
tap_action:
  action: fire-dom-event
  browser_mod:
    service: browser_mod.popup
    data:
      content: !include /config/ui/card/lock/entry_locks.yaml
      timeout: 100000
      card_mod:
        style:
          ha-dialog$: >
            {% from 'style.jinja' import popup_style %}
            {{ popup_style() }}
double_tap_action:
  action: perform-action
  perform_action: script.lock_entry_locks
hold_action:
  action: fire-dom-event
  browser_mod:
    service: browser_mod.popup
    data:
      content: !include /config/ui/card/lock/lock_settings.yaml
      timeout: 100000
      card_mod:
        style:
          ha-dialog$: >
            {% from 'style.jinja' import popup_style %}
            {{ popup_style() }}
