###############################################################################
## Front Door Lock
###############################################################################
type: entities
show_state: true
state_color: true
entities:
  - entity: lock.front_door_lock
    name: Front
    card_mod:
      style: |
        :host {
          --paper-item-icon-color: var(--state-icon-active-color);
          --paper-item-icon-active-color: var(--entity-minor-color);
        }
    tap_action:
      action: call-service
      service: lock.lock
      service_data:
        entity_id: lock.front_door_lock
    hold_action:
      action: call-service
      service: lock.unlock
      service_data:
        entity_id: lock.front_door_lock
    double_tap_action:
      action: call-service
      service: lock.lock
      service_data:
        entity_id: lock.front_door_lock

  - entity: sensor.front_door_lock_status
  - entity: binary_sensor.front_door_lock_keypad_disabled
  - entity: binary_sensor.front_door_lock_intrusion
  - entity: binary_sensor.front_door_lock_hardware_failure
  - entity: binary_sensor.front_door_lock_lock_jammed
  - entity: sensor.front_door_lock_battery_level
card_mod:
  class: basic
