###############################################################################
## Garage Door Lock
###############################################################################
type: entities
show_state: true
state_color: true
entities:
  - entity: lock.garage_door_lock
    tap_action:
      action: call-service
      service: lock.lock
      service_data:
        entity_id: lock.garage_door_lock
    hold_action:
      action: call-service
      service: lock.unlock
      service_data:
        entity_id: lock.garage_door_lock
    double_tap_action:
      action: call-service
      service: lock.lock
      service_data:
        entity_id: lock.garage_door_lock

  - type: custom:fold-entity-row
    head:
      entity: sensor.garage_door_lock_status
    padding: 0
    entities:
      - entity: sensor.garage_door_lock_node_status
      - entity: button.garage_door_lock_ping

  - entity: binary_sensor.garage_door_lock_keypad_disabled
  - entity: binary_sensor.garage_door_lock_intrusion
  - entity: binary_sensor.garage_door_lock_hardware_failure
  - entity: binary_sensor.garage_door_lock_lock_jammed
  - entity: input_boolean.garage_door_lock_jammed
  - type: custom:battery-state-entity
    entity: sensor.garage_door_lock_battery_level
card_mod:
  style: |
    ha-card {
      border: 0px !important;
      box-shadow: none !important;
    }
  class: basic
