###############################################################################
## Alarm Clock Package
###############################################################################
homeassistant:
  customize:
    alert.alarm_clock_presence:
      icon: mdi:alarm-check
      category: alarm_clock

    switch.alarm_clock_auto:
      assumed_state: false
    switch.alarm_clock_manual:
      assumed_state: false
    switch.alarm_clock_nap:
      assumed_state: false

input_boolean:
  alarm_clock_auto_workdays:
    name: "Workdays"
    icon: mdi:alarm
  alarm_clock_auto_weekends:
    name: "Weekends / Holidays"
    icon: mdi:alarm
  alarm_clock_guest:
    name: "Guest"
    icon: mdi:alarm
  alarm_clock_manual:
    name: "Manual Alarm Clock"
    icon: mdi:alarm
  alarm_clock_manual_repeat:
    name: "Manual Alarm Clock Repeat"
    icon: mdi:alarm
  alarm_clock_nap:
    name: "Nap Alarm Clock"
    icon: mdi:alarm
  alarm_clock_increase_volume:
    name: "Auto Increase Volume"
    icon: mdi:volume-plus
  alarm_clock_alerts:
    name: "Alarm Clock Alerts"
    icon: mdi:alarm
  alarm_clock_failed:
    name: "Alarm Clock Failed"
    icon: mdi:alert-box-outline
    initial: false
  alarm_clock_test_play:
    initial: false
  alarm_clock_snooze_bypass_stop:
    initial: false

  dining_room_hub_alarm_clock_enabled:
    name: "Dining Room Hub Alarm Clock Enabled"
    icon: mdi:alarm
  bedroom_hub_alarm_clock_enabled:
    name: "Bedroom Room Display Alarm Clock Enabled"
    icon: mdi:alarm
  living_room_speaker_alarm_clock_enabled:
    name: "Living Room Speaker Alarm Clock Enabled"
    icon: mdi:alarm
  bathroom_speaker_alarm_clock_enabled:
    name: "Bathroom Room Speaker Alarm Clock Enabled"
    icon: mdi:alarm
  laundry_room_speaker_alarm_clock_enabled:
    name: "Laundry Room Speaker Alarm Clock Enabled"
    icon: mdi:alarm
  office_speaker_alarm_clock_enabled:
    name: "Office Speaker Alarm Clock Enabled"
    icon: mdi:alarm

input_select:
  alarm_clock_selection:
    name: "Alarm Clock Selection"
    options:
      - Jason Phone
      - Dining Room Hub
      - Bedroom Hub
      - Bathroom Speaker
      - Living Room Speaker
      - Laundry Room Speaker
      - Office Speaker

input_number:
  alarm_clock_volume_auto: &alarm_volume
    name: "Volume"
    icon: mdi:volume-high
    mode: slider
    min: 0
    max: 100
    step: 5
    unit_of_measurement: "%"

  alarm_clock_volume_manual: *alarm_volume
  alarm_clock_volume_nap: *alarm_volume

  alarm_clock_snooze_time:
    name: "Snooze Time"
    icon: mdi:timer-outline
    mode: slider
    min: 5
    max: 60
    step: 5
    unit_of_measurement: min

  alarm_clock_nap_time:
    name: "Nap Timer"
    icon: mdi:timer-outline
    mode: slider
    min: 5
    max: 240
    step: 5
    unit_of_measurement: min

  alarm_clock_play_delay:
    name: "Play Delay"
    icon: mdi:timer-outline
    mode: slider
    min: 0
    max: 300
    step: 10
    unit_of_measurement: seconds

input_datetime:
  alarm_clock_manual_time:
    name: "Manual Alarm Wake Time"
    icon: mdi:clock
    has_date: false
    has_time: true

timer:
  alarm_clock_snooze:
    name: "Snooze Time Remaining"
    icon: mdi:sleep
    restore: true

  alarm_clock_nap:
    name: "Nap Time Remaining"
    icon: mdi:alarm-plus
    restore: true

  guest_alarm_reset:
    restore: true
  auto_workday_alarm_reset:
    restore: true
  auto_weekend_alarm_reset:
    restore: true
  manual_alarm_reset:
    restore: true
  jphone_alarm_reset:
    restore: true
  dining_room_hub_alarm_reset:
    restore: true
  bedroom_hub_alarm_reset:
    restore: true
  bathroom_speaker_alarm_reset:
    restore: true
  living_room_speaker_alarm_reset:
    restore: true
  laundry_room_speaker_alarm_reset:
    restore: true
  office_speaker_alarm_reset:
    restore: true

input_text:
  active_alarm_clock_media_player:
  alarm_clock_media_player_auto:
  alarm_clock_media_player_manual:
  alarm_clock_media_player_nap:
  alarm_clock_sound_auto:
  alarm_clock_sound_manual:
  alarm_clock_sound_nap:
  alarm_clock_media_auto:
  alarm_clock_media_manual:
  alarm_clock_media_nap:

group:
  alarm_clock_other_alarms:
    entities:
      - sensor.jason_phone_next_alarm
      - sensor.dining_room_hub_next_alarm
      - sensor.bedroom_hub_next_alarm
      - sensor.bathroom_speaker_next_alarm
      - sensor.living_room_speaker_next_alarm
      - sensor.laundry_room_speaker_next_alarm
      - sensor.office_speaker_next_alarm

  stored_alarm_clock_sounds:
    entities:
      - input_text.alarm_clock_sound_auto
      - input_text.alarm_clock_sound_manual
      - input_text.alarm_clock_sound_nap

switch:
  - platform: template
    switches:
      ###############################################################################
      ## Switch - Alarm Clock Auto
      ###############################################################################
      alarm_clock_auto:
        friendly_name: "Alarm Clock: Auto"
        unique_id: alarm_clock_auto
        icon_template: mdi:alarm
        turn_on:
          - if:
              - condition: template
                alias: "Alarm is not set for workday/weekend/guest and is not test play"
                value_template: >
                  {{ (is_state('input_boolean.alarm_clock_guest', 'off') if is_state('binary_sensor.owner_home', 'off')
                      else (is_state('input_boolean.alarm_clock_auto_workdays', 'off') if is_state('binary_sensor.work_today', 'on')
                        else is_state('input_boolean.alarm_clock_auto_weekends', 'off')))
                      and is_state('input_boolean.alarm_clock_test_play', 'off') }}
            then:
              - service: browser_mod.notification
                data:
                  duration: 30000
                  message: "The auto alarm clock has not been set."

              - service: script.turn_on
                target:
                  entity_id: script.alarm_clock_stop
                data:
                  variables:
                    alarm_type: auto
            else:
              # don't run if called from alarm_clock_play
              - condition: state
                entity_id: script.alarm_clock_play
                state: "off"

              - service: script.turn_on
                target:
                  entity_id: script.alarm_clock_play
                data:
                  variables:
                    alarm_type: auto
                    first_run: true
        turn_off:
          # don't run if called from alarm_clock_stop
          - condition: state
            entity_id: script.alarm_clock_stop
            state: "off"

          - service: script.turn_on
            target:
              entity_id: script.alarm_clock_stop
            data:
              variables:
                alarm_type: auto

      ###############################################################################
      ## Switch - Alarm Clock Manual
      ###############################################################################
      alarm_clock_manual:
        friendly_name: "Alarm Clock: Manual"
        unique_id: alarm_clock_manual
        icon_template: mdi:alarm
        turn_on:
          - if:
              - condition: state
                entity_id:
                  - input_boolean.alarm_clock_manual
                  - input_boolean.alarm_clock_test_play
                state: "off"
            then:
              - service: browser_mod.notification
                data:
                  duration: 30000
                  message: "The manual alarm clock has not been set."

              - service: script.turn_on
                target:
                  entity_id: script.alarm_clock_stop
                data:
                  variables:
                    alarm_type: manual
            else:
              - condition: state
                entity_id: script.alarm_clock_play
                state: "off"

              - service: script.turn_on
                target:
                  entity_id: script.alarm_clock_play
                data:
                  variables:
                    alarm_type: manual
                    first_run: true
        turn_off:
          - condition: state
            entity_id: script.alarm_clock_stop
            state: "off"

          - service: script.turn_on
            target:
              entity_id: script.alarm_clock_stop
            data:
              variables:
                alarm_type: manual

      ###############################################################################
      ## Switch - Alarm Clock Nap
      ###############################################################################
      alarm_clock_nap:
        friendly_name: "Alarm Clock: Nap"
        unique_id: alarm_clock_nap
        icon_template: mdi:alarm
        turn_on:
          - if:
              - condition: state
                entity_id:
                  - input_boolean.alarm_clock_nap
                  - input_boolean.alarm_clock_test_play
                state: "off"
            then:
              - service: browser_mod.notification
                data:
                  duration: 30000
                  message: "The nap alarm clock has not been set."

              - service: script.turn_on
                target:
                  entity_id: script.alarm_clock_stop
                data:
                  variables:
                    alarm_type: nap
            else:
              - condition: state
                entity_id: script.alarm_clock_play
                state: "off"

              - service: script.turn_on
                target:
                  entity_id: script.alarm_clock_play
                data:
                  variables:
                    alarm_type: nap
                    first_run: true
        turn_off:
          - condition: state
            entity_id: script.alarm_clock_stop
            state: "off"

          - service: script.turn_on
            target:
              entity_id: script.alarm_clock_stop
            data:
              variables:
                alarm_type: nap

      ###############################################################################
      ## Switch - Alarm Clock Snooze
      ###############################################################################
      alarm_clock_snooze:
        friendly_name: "Alarm Clock: Snooze"
        unique_id: alarm_clock_snooze
        icon_template: mdi:sleep
        value_template: >
          {{ is_state('binary_sensor.alarm_clock', 'on')
              and is_state('timer.alarm_clock_snooze', 'active') }}
        turn_on:
          - if:
              - condition: state
                entity_id: binary_sensor.alarm_clock
                state: "off"
            then:
              - service: browser_mod.notification
                data:
                  duration: 30000
                  message: "No active alarm clock. Snooze turned off."
            else:
              - service: timer.start
                target:
                  entity_id: timer.alarm_clock_snooze
                data:
                  duration:
                    minutes: "{{ states('input_number.alarm_clock_snooze_time') | int(0) }}"

              - if: "{{ is_state(states('sensor.alarm_clock_active_media_player'), ['playing', 'buffering', 'on']) }}"
                then:
                  - service: media_player.media_pause
                    target:
                      entity_id: "{{ states('sensor.alarm_clock_active_media_player') }}"
        turn_off:
          - if:
              - condition: state
                entity_id: input_boolean.alarm_clock_snooze_bypass_stop
                state: "off"

              - condition: state
                entity_id: script.alarm_clock_stop
                state: "off"

              - or:
                  - condition: state
                    entity_id: binary_sensor.alarm_clock
                    state: "on"

                  - condition: state
                    entity_id: timer.alarm_clock_nap
                    state: "active"

                  - condition: state
                    entity_id: timer.alarm_clock_snooze
                    state: "active"

                  - condition: state
                    entity_id: input_boolean.alarm_clock_nap
                    state: "on"
            then:
              - service: script.turn_on
                target:
                  entity_id: script.alarm_clock_stop
                data:
                  variables:
                    alarm_type: "{{ state_attr('binary_sensor.alarm_clock', 'alarm_type') }}"

          - service: timer.cancel
            target:
              entity_id: timer.alarm_clock_snooze

          - service: input_boolean.turn_off
            target:
              entity_id: input_boolean.alarm_clock_snooze_bypass_stop

alert:
  alarm_clock_presence:
    name: "Alarm Clock Presence"
    title: "Alarm Clock Alert"
    message: "Nobody is home and an alarm clock is active."
    done_message: clear_notification
    entity_id: binary_sensor.alarm_clock_presence_alert
    state: "on"
    repeat: 5
    notifiers: jason
    data:
      tag: alarm_clock_presence
      visibility: public
      notification_icon: mdi:alarm
      icon_url: !secret ALARM_CLOCK_ICON
      ledColor: !secret WARNING_COLOR
      color: !secret WARNING_COLOR
      vibrationPattern: !secret ALERT_VIBRATION
      clickAction: /ui-mobile/presence
      actions:
        - title: "Pause"
          action: pause_alarm_clock_presence

        - title: "Alarm Off"
          action: turn_off_alarm_clock
