###################################################################################################
## Alarm Clock Package
###################################################################################################
sensor:
  - platform: folder #CHECK
    folder: "/media/music/Alarm Clock Sounds" # path must be in allowlist_external_dirs
    filter: "*"

input_boolean:
  alarm_clock_alerts:
    name: "Alarm Clock Alerts"
    icon: mdi:alarm
  alarm_clock_guest:
    name: "Guest"
    icon: mdi:alarm
  alarm_clock_increase_volume:
    name: "Auto Increase Volume"
    icon: mdi:volume-plus
  alarm_clock_failed:
    name: "Alarm Clock Failed"
    icon: mdi:alert-box-outline
    initial: false
  alarm_clock_manual:
    name: "Manual Alarm Clock"
    icon: mdi:alarm
  alarm_clock_manual_repeat:
    name: "Manual Alarm Clock Repeat"
    icon: mdi:alarm
  alarm_clock_nap:
    name: "Nap Alarm Clock"
    icon: mdi:alarm
  alarm_clock_notifications:
    name: "Alarm Clock Notifications"
    icon: mdi:message-alert
  alarm_clock_skip_next:
    name: "Skip Next Alarm"
    icon: mdi:alarm-note-off
  alarm_clock_test_play:
    name: "Alarm Clock Test"
    icon: mdi:alarm
    initial: false
  alarm_clock_daily_weekends:
    name: "Weekends / Holidays"
    icon: mdi:alarm
  alarm_clock_daily_workdays:
    name: "Workdays"
    icon: mdi:alarm

  bathroom_speaker_alarm_clock_enabled:
    name: "Bathroom Room Speaker Alarm Clock Enabled"
    icon: mdi:alarm
  bedroom_hub_alarm_clock_enabled:
    name: "Bedroom Hub Alarm Clock Enabled"
    icon: mdi:alarm
  dining_room_hub_alarm_clock_enabled:
    name: "Dining Room Hub Alarm Clock Enabled"
    icon: mdi:alarm
  kitchen_hub_alarm_clock_enabled:
    name: "Bedroom Room Display Alarm Clock Enabled"
    icon: mdi:alarm
  laundry_room_speaker_alarm_clock_enabled:
    name: "Laundry Room Speaker Alarm Clock Enabled"
    icon: mdi:alarm
  living_room_speaker_alarm_clock_enabled:
    name: "Living Room Speaker Alarm Clock Enabled"
    icon: mdi:alarm
  office_speaker_alarm_clock_enabled:
    name: "Office Speaker Alarm Clock Enabled"
    icon: mdi:alarm

input_select:
  alarm_clock_selection:
    name: "Alarm Clock Selection"
    options:
      - Bathroom Speaker
      - Bedroom Hub
      - Dining Room Hub
      - Jason Phone
      - Kitchen Hub
      - Laundry Room Speaker
      - Living Room Speaker
      - Office Speaker

  alarm_clock_type:
    name: "Alarm Clock Type"
    options:
      - daily
      - manual
      - nap
      - "off"

input_number:
  alarm_clock_nap_time:
    name: "Nap Timer"
    icon: mdi:timer-outline
    mode: slider
    min: 5
    max: 240
    step: 5
    unit_of_measurement: min

  alarm_clock_play_delay:
    name: "Play Delay"
    icon: mdi:timer-outline
    mode: slider
    min: 0
    max: 300
    step: 10
    unit_of_measurement: seconds

  alarm_clock_snooze_time:
    name: "Snooze Time"
    icon: mdi:timer-outline
    mode: slider
    min: 5
    max: 60
    step: 5
    unit_of_measurement: min

  alarm_clock_volume_daily: &alarm_volume
    name: "Volume"
    icon: mdi:volume-high
    mode: slider
    min: 0
    max: 100
    step: 5
    unit_of_measurement: "%"
  alarm_clock_volume_manual: *alarm_volume
  alarm_clock_volume_nap: *alarm_volume

input_datetime:
  alarm_clock_manual_time:
    name: "Manual Alarm Daily Time"
    icon: mdi:clock
    has_date: false
    has_time: true

timer:
  alarm_clock_nap:
    name: "Nap Time Remaining"
    icon: mdi:alarm-plus
    restore: true
  alarm_clock_snooze:
    name: "Snooze Time Remaining"
    icon: mdi:sleep
    restore: true

input_text:
  alarm_clock_media_manual:
  alarm_clock_media_nap:
  alarm_clock_media_daily:
  alarm_clock_artist_daily:
  alarm_clock_artist_manual:
  alarm_clock_artist_nap:
  alarm_clock_album_daily:
  alarm_clock_album_manual:
  alarm_clock_album_nap:
  alarm_clock_track_daily:
  alarm_clock_track_manual:
  alarm_clock_track_nap:
  alarm_clock_speaker_manual:
  alarm_clock_speaker_nap:
  alarm_clock_speaker_daily:
  alarm_clock_playlist_manual:
  alarm_clock_playlist_nap:
  alarm_clock_playlist_daily:
  alarm_clock_radio_daily:
  alarm_clock_radio_manual:
  alarm_clock_radio_nap:
  alarm_clock_video_display_daily:
  alarm_clock_video_display_manual:
  alarm_clock_video_display_nap:
  alarm_clock_video_daily:
  alarm_clock_video_manual:
  alarm_clock_video_nap:

alert:
  alarm_clock_presence:
    name: "Alarm Clock Presence"
    title: "Alarm Clock Alert"
    message: "Nobody is home and an alarm clock is active."
    done_message: clear_notification
    entity_id: binary_sensor.alarm_clock_presence_alert
    state: "on"
    repeat: 5
    notifiers: jason
    data:
      tag: alarm_clock_presence
      visibility: public
      notification_icon: mdi:alarm
      icon_url: !secret ALARM_CLOCK_ICON
      ledColor: !secret WARNING_COLOR
      color: !secret WARNING_COLOR
      vibrationPattern: !secret ALERT_VIBRATION
      clickAction: /ui-mobile/schedule
      actions:
        - title: "Pause"
          action: pause_alarm_clock_presence
        - title: "Alarm Off"
          action: turn_off_alarm_clock
