###################################################################################################
## Alarm Clock Package
###################################################################################################
homeassistant:
  customize:
    alert.alarm_clock_presence:
      icon: mdi:alarm-check
      category: alarm_clock

    switch.alarm_clock_wake:
      assumed_state: false
    switch.alarm_clock_manual:
      assumed_state: false
    switch.alarm_clock_nap:
      assumed_state: false
    switch.alarm_clock_snooze:
      assumed_state: false

input_boolean:
  alarm_clock_wake_workdays:
    name: "Workdays"
    icon: mdi:alarm
  alarm_clock_wake_weekends:
    name: "Weekends / Holidays"
    icon: mdi:alarm
  alarm_clock_guest:
    name: "Guest"
    icon: mdi:alarm
  alarm_clock_manual:
    name: "Manual Alarm Clock"
    icon: mdi:alarm
  alarm_clock_manual_repeat:
    name: "Manual Alarm Clock Repeat"
    icon: mdi:alarm
  alarm_clock_nap:
    name: "Nap Alarm Clock"
    icon: mdi:alarm
  alarm_clock_increase_volume:
    name: "Auto Increase Volume"
    icon: mdi:volume-plus
  alarm_clock_alerts:
    name: "Alarm Clock Alerts"
    icon: mdi:alarm
  alarm_clock_notifications:
    name: "Alarm Clock Notifications"
    icon: mdi:file-clock
  alarm_clock_failed:
    name: "Alarm Clock Failed"
    icon: mdi:alert-box-outline
    initial: false
  alarm_clock_skip_next:
    name: "Skip Next Alarm"
    icon: mdi:alarm-note-off
  alarm_clock_test_play:
    initial: false

  dining_room_hub_alarm_clock_enabled:
    name: "Dining Room Hub Alarm Clock Enabled"
    icon: mdi:alarm
  kitchen_hub_alarm_clock_enabled:
    name: "Bedroom Room Display Alarm Clock Enabled"
    icon: mdi:alarm
  living_room_speaker_alarm_clock_enabled:
    name: "Living Room Speaker Alarm Clock Enabled"
    icon: mdi:alarm
  bathroom_speaker_alarm_clock_enabled:
    name: "Bathroom Room Speaker Alarm Clock Enabled"
    icon: mdi:alarm
  laundry_room_speaker_alarm_clock_enabled:
    name: "Laundry Room Speaker Alarm Clock Enabled"
    icon: mdi:alarm
  bedroom_hub_alarm_clock_enabled:
    name: "Bedroom Hub Alarm Clock Enabled"
    icon: mdi:alarm
  office_speaker_alarm_clock_enabled:
    name: "Office Speaker Alarm Clock Enabled"
    icon: mdi:alarm

input_select:
  alarm_clock_type:
    name: "Alarm Clock Type"
    options:
      - "off"
      - wake
      - manual
      - nap

  alarm_clock_selection:
    name: "Alarm Clock Selection"
    options:
      - Jason Phone
      - Dining Room Hub
      - Kitchen Hub
      - Bathroom Speaker
      - Living Room Speaker
      - Laundry Room Speaker
      - Bedroom Hub
      - Office Speaker

input_number:
  alarm_clock_volume_wake: &alarm_volume
    name: "Volume"
    icon: mdi:volume-high
    mode: slider
    min: 0
    max: 100
    step: 5
    unit_of_measurement: "%"

  alarm_clock_volume_manual: *alarm_volume
  alarm_clock_volume_nap: *alarm_volume

  alarm_clock_snooze_time:
    name: "Snooze Time"
    icon: mdi:timer-outline
    mode: slider
    min: 5
    max: 60
    step: 5
    unit_of_measurement: min

  alarm_clock_nap_time:
    name: "Nap Timer"
    icon: mdi:timer-outline
    mode: slider
    min: 5
    max: 240
    step: 5
    unit_of_measurement: min

  alarm_clock_play_delay:
    name: "Play Delay"
    icon: mdi:timer-outline
    mode: slider
    min: 0
    max: 300
    step: 10
    unit_of_measurement: seconds

input_datetime:
  alarm_clock_manual_time:
    name: "Manual Alarm Wake Time"
    icon: mdi:clock
    has_date: false
    has_time: true

timer:
  alarm_clock_snooze:
    name: "Snooze Time Remaining"
    icon: mdi:sleep
    restore: true

  alarm_clock_nap:
    name: "Nap Time Remaining"
    icon: mdi:alarm-plus
    restore: true

input_text:
  alarm_clock_media_player_wake:
  alarm_clock_media_player_manual:
  alarm_clock_media_player_nap:
  alarm_clock_sound_wake:
  alarm_clock_sound_manual:
  alarm_clock_sound_nap:
  alarm_clock_media_wake:
  alarm_clock_media_manual:
  alarm_clock_media_nap:

group:
  alarm_clock_other_alarms:
    entities:
      - sensor.jason_phone_next_alarm
      - sensor.dining_room_hub_next_alarm
      - sensor.kitchen_hub_next_alarm
      - sensor.bathroom_speaker_next_alarm
      - sensor.living_room_speaker_next_alarm
      - sensor.laundry_room_speaker_next_alarm
      - sensor.bedroom_hub_next_alarm
      - sensor.office_speaker_next_alarm

template:
  - switch:
      ###################################################################################################
      ## Switch - Alarm Clock Wake
      ###################################################################################################
      - name: "Wake Alarm Clock"
        unique_id: alarm_clock_wake
        icon: mdi:alarm
        turn_on:
          - if:
              - condition: state
                entity_id: binary_sensor.alarm_clock
                state: "off"
            then:
              - action: input_select.select_option
                target:
                  entity_id: input_select.alarm_clock_type
                data:
                  option: wake

              - delay: 1 # allow sensor.alarm_clock_active_media_player to calculate

              - action: script.turn_on
                target:
                  entity_id: script.alarm_clock_play
        turn_off:
          # allow reset to turn other alarm clock switches off
          - if: "{{ is_state('input_select.alarm_clock_type', 'wake') }}"
            then:
              - action: script.turn_on
                target:
                  entity_id: script.alarm_clock_stop

      ###################################################################################################
      ## Switch - Alarm Clock Manual
      ###################################################################################################
      - name: "Alarm Clock: Manual"
        unique_id: alarm_clock_manual
        icon: mdi:alarm
        turn_on:
          - if:
              - condition: state
                entity_id: binary_sensor.alarm_clock
                state: "off"
            then:
              - action: input_select.select_option
                target:
                  entity_id: input_select.alarm_clock_type
                data:
                  option: manual

              - delay: 1 # allow sensor.alarm_clock_active_media_player to calculate

              - action: script.turn_on
                target:
                  entity_id: script.alarm_clock_play

          - condition: state
            entity_id:
              - input_boolean.alarm_clock_test_play
              - input_boolean.alarm_clock_manual_repeat
            state: "off"

          - action: input_boolean.turn_off
            target:
              entity_id: input_boolean.alarm_clock_manual
        turn_off:
          # allow reset to turn other alarm clock switches off
          - if: "{{ is_state('input_select.alarm_clock_type', 'manual') }}"
            then:
              - action: script.turn_on
                target:
                  entity_id: script.alarm_clock_stop

      ###################################################################################################
      ## Switch - Alarm Clock Nap
      ###################################################################################################
      - name: "Alarm Clock: Nap"
        unique_id: alarm_clock_nap
        icon: mdi:alarm
        turn_on:
          - if:
              - condition: state
                entity_id: binary_sensor.alarm_clock
                state: "off"
            then:
              - action: input_select.select_option
                target:
                  entity_id: input_select.alarm_clock_type
                data:
                  option: nap

              - delay: 1 # allow sensor.alarm_clock_active_media_player to calculate

              - action: script.turn_on
                target:
                  entity_id: script.alarm_clock_play
        turn_off:
          # allow reset to turn other alarm clock switches off
          - if: "{{ is_state('input_select.alarm_clock_type', 'nap') }}"
            then:
              - action: script.turn_on
                target:
                  entity_id: script.alarm_clock_stop

          - action: input_boolean.turn_off
            target:
              entity_id: input_boolean.alarm_clock_nap

          - action: timer.cancel
            target:
              entity_id: timer.alarm_clock_nap

      ###################################################################################################
      ## Switch - Alarm Clock Snooze
      ###################################################################################################
      - name: "Alarm Clock: Snooze"
        unique_id: alarm_clock_snooze
        icon: mdi:sleep
        turn_on:
          - if:
              - condition: state
                entity_id: binary_sensor.alarm_clock
                state: "on"
            then:
              # allows snooze from notification/table switch before alarm starts
              - if: "{{ is_state(states('sensor.alarm_clock_active_media_player'), ['playing', 'buffering', 'on']) }}"
                then:
                  - action: media_player.media_pause
                    target:
                      entity_id: "{{ states('sensor.alarm_clock_active_media_player') }}"

              - action: timer.start
                target:
                  entity_id: timer.alarm_clock_snooze
                data:
                  duration:
                    minutes: "{{ states('input_number.alarm_clock_snooze_time') | int(0) }}"
        turn_off:
          - if:
              - condition: state
                entity_id: binary_sensor.alarm_clock
                state: "on"
            then:
              - if: "{{ is_state(states('sensor.alarm_clock_active_media_player'), 'paused') }}"
                then:
                  - action: media_player.media_play
                    target:
                      entity_id: "{{ states('sensor.alarm_clock_active_media_player') }}"

          - if: # switch turned off during alarm - cancel timer to turn off alarm
              - condition: state
                entity_id: timer.alarm_clock_snooze
                state:
                  - active
                  - paused
            then:
              - action: timer.cancel
                target:
                  entity_id: timer.alarm_clock_snooze

alert:
  alarm_clock_presence:
    name: "Alarm Clock Presence"
    title: "Alarm Clock Alert"
    message: "Nobody is home and an alarm clock is active."
    done_message: clear_notification
    entity_id: binary_sensor.alarm_clock_presence_alert
    state: "on"
    repeat: 5
    notifiers: jason
    data:
      tag: alarm_clock_presence
      visibility: public
      notification_icon: mdi:alarm
      icon_url: !secret ALARM_CLOCK_ICON
      ledColor: !secret WARNING_COLOR
      color: !secret WARNING_COLOR
      vibrationPattern: !secret ALERT_VIBRATION
      clickAction: /ui-mobile/schedule
      actions:
        - title: "Pause"
          action: pause_alarm_clock_presence

        - title: "Alarm Off"
          action: turn_off_alarm_clock
