###############################################################################
## Lock - Auto Lock House
###############################################################################
- id: lock_house_auto_lock_house
  alias: "[Lock] Auto Lock House"
  description: "Automatically lock house locks."
  max_exceeded: silent
  trigger:
    - platform: state
      id: alarm
      entity_id: alarm_control_panel.house
      to:
        - armed_home
        - armed_night
        - armed_away

    - platform: state
      id: occupancy
      entity_id: input_select.occupancy_mode
      to:
        - Away
        - Night
        - Vacation

    - platform: state
      id: unlock_keypad
      entity_id:
        - lock.back_door_lock
        - lock.front_door_lock
        - lock.side_door_lock
      to: unlocked
      for:
        minutes: 10

    - platform: state
      id: lock_keypad
      entity_id:
        - sensor.back_door_lock_status
        - sensor.front_door_lock_status
        - sensor.side_door_lock_status
      to:
        - Locked (Keypad)
        - Locked (Jason)
      not_from:
        - unknown
        - unavailable
      for:
        minutes: 1 # prevent trigger if user mistakenly locks, unlocks again right away

    - platform: event
      event_type: mobile_app_notification_action
      event_data:
        action: lock_entry_locks
  condition:
    - condition: template
      alias: "Alarm enabled if alarm trigger"
      value_template: "{{ is_state('input_boolean.alarm_enabled','on') if trigger.id == 'alarm' else true }}"

    - condition: template
      alias: "If unlock trigger, alarm is armed and trigger lock is still unlocked else some locks are unlocked"
      value_template: >
        {{ is_state(trigger.entity_id,'unlocked') and not is_state('alarm_control_panel.house','disarmed')
            if trigger.id == 'unlock_keypad' else is_state('group.house_locks','unlocked') }}
  action:
    - service: script.lock_entry_locks
      data:
        entity_id: "{{ state_attr('group.house_locks','entity_id') }}"

    - delay: 60 # throttle

