###################################################################################################
## Alarm Clock Button
###################################################################################################
type: custom:button-card
entity: binary_sensor.alarm_clock
template: menu_button
icon: "[[[ return states['sensor.alarm_clock_next_alarm'].attributes.icon ]]]"
show_state: true
state_display: "[[[ return states['sensor.alarm_clock_next_alarm'].attributes['status'].toUpperCase(); ]]]"
styles:
  icon:
    - color: >
        [[[
          var status = states['sensor.alarm_clock_next_alarm'].attributes['status'];
          if (states['input_boolean.alarm_clock_failed'].state == 'on')
            return 'var(--entity-critical-color)';
          else if (status == 'snoozed')
            return 'var(--entity-severe-color)';
          else if (status == 'skipped')
            return 'var(--entity-warning-color)';
          else if (status == 'playing')
            return 'var(--primary-color)';
          else if (status != 'off')
            return 'var(--entity-active-color)';
          else
            return 'var(--state-icon-color)';
        ]]]
  card:
    - background-color: >
        [[[
          if (states['binary_sensor.wan'].state == 'off')
            return 'var(--background-critical-color)';
          else if (states['input_boolean.media_launcher_alarm_clock'].state == 'on'
              && states['input_boolean.media_launcher_lock'].state == 'on')
            return 'var(--background-severe-color)';
          else if (states['input_boolean.media_launcher_alarm_clock'].state == 'on')
            return 'var(--background-selected-color)';
          else
            return 'var(--ha-card-background)';
        ]]]
tap_action:
  action: perform-action
  perform_action: input_boolean.toggle
  target:
    entity_id: input_boolean.media_launcher_alarm_clock
double_tap_action:
  action: perform-action
  perform_action: script.alarm_clock_stop
hold_action:
  action: fire-dom-event
  browser_mod:
    service: browser_mod.popup
    data:
      title: "Alarm Clocks"
      content: !include /config/ui/card/media/alarm_clock/alarm_clocks.yaml
