###################################################################################################
## Back Door Lock
###################################################################################################
type: tile
entity: lock.back_door_lock
name: "Back Door"
features:
  - type: lock-commands
features_position: inline
tap_action:
  action: more-info
double_tap_action:
  action: perform-action
  perform_action: script.reset_door_locks
hold_action:
  action: perform-action
  perform_action: script.toggle_door_lock
  data:
    entity_id: lock.back_door_lock
icon_tap_action:
  action: more-info
icon_double_tap_action:
  action: navigate
  navigation_path: /config/devices/device/d6a01ca5d12daf9f2e7b32b352366436
icon_hold_action:
  action: perform-action
  perform_action: script.toggle_door_lock
  data:
    entity_id: lock.back_door_lock
card_mod:
  style: |
    {% from 'lock.jinja' import lock_tile_style %}
    {{ lock_tile_style('lock.back_door_lock') }}