###################################################################################################
## Front Door Lock
###################################################################################################
type: tile
entity: lock.front_door_lock
name: "Front Door"
features:
  - type: lock-commands
features_position: inline
tap_action:
  action: more-info
hold_action:
  action: perform-action
  perform_action: script.toggle_door_lock
  data:
    entity_id: lock.front_door_lock
double_tap_action:
  action: perform-action
  perform_action: script.reset_door_locks
icon_tap_action:
  action: more-info
icon_double_tap_action:
  action: navigate
  navigation_path: /config/devices/device/9608f77d6aa69be2f2cc7bcddf2d2946
icon_hold_action:
  action: perform-action
  perform_action: script.toggle_door_lock
  data:
    entity_id: lock.front_door_lock
card_mod:
  style: |
    {% from 'lock.jinja' import lock_tile_style %}
    {{ lock_tile_style('lock.front_door_lock') }}