###################################################################################################
## Side Door Lock
###################################################################################################
type: tile
entity: lock.side_door_lock
name: "Side Door"
tap_action:
  action: more-info
hold_action:
  action: perform-action
  perform_action: script.toggle_door_lock
  data:
    entity_id: lock.side_door_lock
double_tap_action:
  action: perform-action
  perform_action: script.reset_door_locks
icon_tap_action:
  action: perform-action
  perform_action: script.toggle_door_lock
  data:
    entity_id: lock.side_door_lock
icon_double_tap_action:
  action: navigate
  navigation_path: /config/devices/device/da74b4dc14ab1eadbcac4d1b8f3fbee0
icon_hold_action:
  action: perform-action
  perform_action: script.toggle_door_lock
  data:
    entity_id: lock.side_door_lock
card_mod:
  style: |
    {% from 'lock.jinja' import lock_tile_style %}
    {{ lock_tile_style('lock.side_door_lock') }}