- binary_sensor:
    #BUG - lock jammed sensors don't reset
    #BUGFIX - use input booleans
    - name: Door Lock Jammed
      icon: "{{ 'mdi:lock-alert' if is_state('binary_sensor.door_lock_jammed','on') else 'mdi:lock' }}"
      device_class: problem
      state: >
        {{ is_state('input_boolean.back_door_lock_jammed','on')
          or is_state('input_boolean.front_door_lock_jammed','on')
          or is_state('input_boolean.garage_door_lock_jammed','on')
          or is_state('input_boolean.side_door_lock_jammed','on') }}

    - name: Door Lock Failed #BUG - lock failed sensors don't reset
      icon: "{{ 'mdi:lock-alert' if is_state('binary_sensor.door_lock_failed','on') else 'mdi:lock' }}"
      device_class: problem
      state: "{{ false }}" #TODO how do we reset? >
        # {{ is_state('binary_sensor.back_door_lock_hardware_failure','on')
        #   or is_state('binary_sensor.front_door_lock_hardware_failure','on')
        #   or is_state('binary_sensor.garage_door_lock_hardware_failure','on')
        #   or is_state('binary_sensor.side_door_lock_hardware_failure','on') }}

- sensor:
    - name: Door Locks
      icon: "{{ 'mdi:home-lock-open' if states('sensor.door_locks')|int > 0 else 'mdi:home-lock' }}"
      state: "{{ states.lock|selectattr('state','eq','unlocked')|list|count }}" #ZWAVE device ready (state unlocked) # of unlocked locks
      attributes:
        unlocked: "{{ states.lock|selectattr('state','eq','unlocked')|map(attribute='entity_id')|list }}"
        locked: "{{ states.lock|selectattr('state','eq','locked')|map(attribute='entity_id')|list }}"

    - name: Side Door Lock Status
      icon: mdi:lock-smart
      state: "{{ states('input_text.side_door_lock_status') }}"

    - name: Back Door Lock Status
      icon: mdi:lock-smart
      state: "{{ states('input_text.back_door_lock_status') }}"

    - name: Front Door Lock Status
      icon: mdi:lock-smart
      state: "{{ states('input_text.front_door_lock_status') }}"

    - name: Garage Door Lock Status
      icon: mdi:lock-smart
      state: "{{ states('input_text.front_door_lock_status') }}"