- binary_sensor:
    #BUG - lock jammed sensors don't reset
    #BUGFIX - use input booleans
    - name: 'Door Lock Jammed'
      unique_id: door_lock_jammed
      icon: "{{ 'mdi:lock-alert' if is_state('binary_sensor.door_lock_jammed','on') else 'mdi:lock' }}"
      device_class: problem
      state: >
        {{ is_state('input_boolean.back_door_lock_jammed','on')
          or is_state('input_boolean.front_door_lock_jammed','on')
          or is_state('input_boolean.garage_door_lock_jammed','on')
          or is_state('input_boolean.side_door_lock_jammed','on') }}

    - name: 'Door Lock Failed' #BUG - lock failed sensors don't reset
      unique_id: door_lock_failed
      icon: "{{ 'mdi:lock-alert' if is_state('binary_sensor.door_lock_failed','on') else 'mdi:lock' }}"
      device_class: problem
      state:
        '{{ false }}' #QUESTION how can we reset these sensors? >
        # {{ is_state('binary_sensor.back_door_lock_hardware_failure','on')
        #   or is_state('binary_sensor.front_door_lock_hardware_failure','on')
        #   or is_state('binary_sensor.garage_door_lock_hardware_failure','on')
        #   or is_state('binary_sensor.side_door_lock_hardware_failure','on') }}

- sensor:
    - name: 'Door Locks'
      unique_id: door_locks
      icon: >
        {% if is_state('binary_sensor.door_lock_jammed','on') %} mdi:lock-alert
        {% elif states('sensor.door_locks')|int(0) > 0 %} mdi:home-lock-open
        {% else %} mdi:home-lock
        {% endif %}
      state: "{{ expand('group.locks')|selectattr('state','eq','unlocked')|list|count }}"
      attributes:
        unlocked: "{{ expand('group.locks')|selectattr('state','eq','unlocked')|map(attribute='entity_id')|list }}"
        locked: "{{ expand('group.locks')|selectattr('state','eq','locked')|map(attribute='entity_id')|list }}"

    - name: 'Side Door Lock Status'
      unique_id: side_door_lock_status
      icon: mdi:lock-smart
      state: "{{ states('input_text.side_door_lock_status') }}"
      availability: "{{ states('lock.side_door_lock')|lower not in ['unknown','unavailable','none'] }}"

    - name: 'Back Door Lock Status'
      unique_id: back_door_lock_status
      icon: mdi:lock-smart
      state: "{{ states('input_text.back_door_lock_status') }}"
      availability: "{{ states('lock.back_door_lock')|lower not in ['unknown','unavailable','none'] }}"

    - name: 'Front Door Lock Status'
      unique_id: front_door_lock_status
      icon: mdi:lock-smart
      state: "{{ states('input_text.front_door_lock_status') }}"
      availability: "{{ states('lock.front_door_lock')|lower not in ['unknown','unavailable','none'] }}"

    - name: 'Garage Door Lock Status'
      unique_id: garage_door_lock_status
      icon: mdi:lock-smart
      state: "{{ states('input_text.garage_door_lock_status') }}"
      availability: "{{ states('lock.garage_door_lock')|lower not in ['unknown','unavailable','none'] }}"
