###################################################################################################
## Back Door Lock
###################################################################################################
type: tile
entity: lock.back_door_lock
name: "Back Door"
tap_action:
  action: fire-dom-event
  browser_mod:
    service: browser_mod.popup
    data:
      title: "Back Door Lock"
      content: !include /config/ui/card/lock/back_door_lock_detail.yaml
hold_action:
  action: fire-dom-event
  browser_mod:
    service: browser_mod.popup
    data:
      title: "Lock Settings"
      content: !include /config/ui/card/lock/lock_settings.yaml
double_tap_action:
  action: perform-action
  perform_action: script.lock_door_locks
  data:
    entity_id: lock.back_door_lock
icon_tap_action:
  action: more-info
icon_double_tap_action:
  action: perform-action
  perform_action: script.lock_door_locks
  data:
    entity_id: lock.back_door_lock
icon_hold_action:
  action: perform-action
  perform_action: script.unlock_door_locks
  data:
    entity_id: lock.back_door_lock
card_mod:
  style: |
    {% from 'lock.jinja' import lock_tile_style %}
    {{ lock_tile_style('lock.back_door_lock') }}