###############################################################################
## Back Door Lock
###############################################################################
type: entities
title: "Back Door Lock"
show_state: true
state_color: true
entities:
  - entity: lock.back_door_lock
    tap_action:
      action: perform-action
      perform_action: lock.lock
      target:
        entity_id: lock.back_door_lock
    hold_action:
      action: perform-action
      perform_action: lock.unlock
      target:
        entity_id: lock.back_door_lock
    double_tap_action:
      action: perform-action
      perform_action: lock.lock
      target:
        entity_id: lock.back_door_lock

  - type: custom:fold-entity-row
    head:
      entity: sensor.back_door_lock_status
    padding: 0
    entities:
      - entity: sensor.back_door_lock_node_status
      - entity: button.back_door_lock_ping

  - type: custom:fold-entity-row
    head:
      entity: binary_sensor.back_door_lock_keypad_temporary_disabled
    padding: 0
    entities:
      - entity: button.back_door_lock_idle_access_control_keypad_state

  - type: custom:fold-entity-row
    head:
      entity: binary_sensor.back_door_lock_intrusion
    padding: 0
    entities:
      - entity: button.back_door_lock_idle_home_security_sensor_status

  - type: custom:fold-entity-row
    head:
      entity: binary_sensor.back_door_lock_system_hardware_failure
    padding: 0
    entities:
      - entity: button.back_door_lock_idle_system_hardware_status

  - type: custom:fold-entity-row
    head:
      entity: binary_sensor.back_door_lock_lock_jammed
    padding: 0
    entities:
      - entity: button.back_door_lock_idle_access_control_lock_state

  - entity: sensor.back_door_lock_battery_level

  - type: button
    name: "Back Door Lock"
    icon: mdi:devices
    action_name: "VIEW"
    tap_action:
      action: navigate
      navigation_path: /config/devices/device/d6a01ca5d12daf9f2e7b32b352366436
