###############################################################################
## Garage Door Lock
###############################################################################
type: entities
show_state: true
state_color: true
entities:
  - entity: lock.garage_door_lock
    tap_action:
      action: call-service
      service: lock.lock
      data:
        entity_id: lock.garage_door_lock
    hold_action:
      action: call-service
      service: lock.unlock
      data:
        entity_id: lock.garage_door_lock
    double_tap_action:
      action: call-service
      service: lock.lock
      data:
        entity_id: lock.garage_door_lock

  - type: custom:fold-entity-row
    head:
      entity: sensor.garage_door_lock_status
    padding: 0
    entities:
      - entity: sensor.garage_door_lock_node_status
      - entity: button.garage_door_lock_ping

  - type: custom:fold-entity-row
    head:
      entity: binary_sensor.garage_door_lock_keypad_temporary_disabled
    padding: 0
    entities:
      - entity: button.garage_door_lock_idle_access_control_keypad_state

  - type: custom:fold-entity-row
    head:
      entity: binary_sensor.garage_door_lock_intrusion
    padding: 0
    entities:
      - entity: button.garage_door_lock_idle_home_security_sensor_status

  - type: custom:fold-entity-row
    head:
      entity: binary_sensor.garage_door_lock_system_hardware_failure
    padding: 0
    entities:
      - entity: button.garage_door_lock_idle_system_hardware_status

  - type: custom:fold-entity-row
    head:
      entity: binary_sensor.garage_door_lock_lock_jammed
    padding: 0
    entities:
      - entity: button.garage_door_lock_idle_access_control_lock_state

  - entity: sensor.garage_door_lock_battery_level
card_mod:
  class: basic_swipe
