###################################################################################################
## Garage Door Lock
###################################################################################################
type: tile
entity: lock.garage_door_lock
name: "Garage Door"
tap_action:
  action: more-info
icon_tap_action:
  action: more-info
card_mod:
  style: |
    {% from 'lock.jinja' import lock_tile_style %}
    {{ lock_tile_style('lock.garage_door_lock') }}