###################################################################################################
## Toggle Light
###################################################################################################
toggle_door_lock:
  alias: "Toggle Door Lock"
  description: "Toggle door lock."
  icon: mdi:lock
  mode: parallel
  fields:
    entity_id:
      description: "Lock entity id"
      example: "lock.side_door_lock"
  sequence:
    - if: "{{ is_state(entity_id, 'locked') }}"
      then:
        - action: lock.unlock
          target:
            entity_id: "{{ entity_id }}"
      else:
        - action: lock.lock
          target:
            entity_id: "{{ entity_id }}"