type: vertical-stack
cards:
  - type: entities
    show_state: true
    state_color: true
    entities:
      - entity: lock.back_door_lock
        name: Back
        card_mod:
          style: |
            :host {
              --paper-item-icon-color: var(--state-icon-active-color);
              --paper-item-icon-active-color: var(--entity-minor-color);
            }
        tap_action:
          action: call-service
          service: lock.lock
          service_data:
            entity_id: lock.back_door_lock
        hold_action:
          action: call-service
          service: lock.unlock
          service_data:
            entity_id: lock.back_door_lock
        double_tap_action:
          action: call-service
          service: lock.lock
          service_data:
            entity_id: lock.back_door_lock

      - entity: sensor.back_door_lock_status
      - entity: binary_sensor.back_door_lock_keypad_disabled
      - entity: binary_sensor.back_door_lock_intrusion
      - entity: binary_sensor.back_door_lock_hardware_failure
      - entity: binary_sensor.back_door_lock_lock_jammed
      - entity: sensor.back_door_lock_battery_level

  - !include /config/lovelace/include/history/back_door_lock_history.yaml